
Microsoft Visual Studio Solution File, Format Version 12.00
# Visual Studio 15
VisualStudioVersion = 15.0.28307.757
MinimumVisualStudioVersion = 10.0.40219.1
Project("{FAE04EC0-301F-11D3-BF4B-00C04F79EFBC}") = "WebApplication15", "WebApplication15\WebApplication15.csproj", "{01736486-1CB2-45ED-9F01-C3B157DE3015}"
EndProject
Global
	GlobalSection(SolutionConfigurationPlatforms) = preSolution
		Debug|Any CPU = Debug|Any CPU
		Release|Any CPU = Release|Any CPU
	EndGlobalSection
	GlobalSection(ProjectConfigurationPlatforms) = postSolution
		{01736486-1CB2-45ED-9F01-C3B157DE3015}.Debug|Any CPU.ActiveCfg = Debug|Any CPU
		{01736486-1CB2-45ED-9F01-C3B157DE3015}.Debug|Any CPU.Build.0 = Debug|Any CPU
		{01736486-1CB2-45ED-9F01-C3B157DE3015}.Release|Any CPU.ActiveCfg = Release|Any CPU
		{01736486-1CB2-45ED-9F01-C3B157DE3015}.Release|Any CPU.Build.0 = Release|Any CPU
	EndGlobalSection
	GlobalSection(SolutionProperties) = preSolution
		HideSolutionNode = FALSE
	EndGlobalSection
	GlobalSection(ExtensibilityGlobals) = postSolution
		SolutionGuid = {4E9EFE7F-53CA-482A-A5D0-6D569628FF26}
	EndGlobalSection
EndGlobal
